// !$*UTF8*$!
{
	archiveVersion = 1;
	classes = {
	};
	objectVersion = 52;
	objects = {

/* Begin PBXBuildFile section */
		00AD991127667C1B00E7B72D /* AppDelegate.swift in Sources */ = {isa = PBXBuildFile; fileRef = 00AD991027667C1B00E7B72D /* AppDelegate.swift */; };
		00AD991327667C1B00E7B72D /* SceneDelegate.swift in Sources */ = {isa = PBXBuildFile; fileRef = 00AD991227667C1B00E7B72D /* SceneDelegate.swift */; };
		00AD991A27667C2700E7B72D /* Assets.xcassets in Resources */ = {isa = PBXBuildFile; fileRef = 00AD991927667C2700E7B72D /* Assets.xcassets */; };
		00AD991D27667C2700E7B72D /* LaunchScreen.storyboard in Resources */ = {isa = PBXBuildFile; fileRef = 00AD991B27667C2700E7B72D /* LaunchScreen.storyboard */; };
		00AD992C27667D6900E7B72D /* RepositoryListViewController.swift in Sources */ = {isa = PBXBuildFile; fileRef = 00AD992B27667D6900E7B72D /* RepositoryListViewController.swift */; };
		00AD992F27667E1D00E7B72D /* RepositoryListCell.swift in Sources */ = {isa = PBXBuildFile; fileRef = 00AD992E27667E1D00E7B72D /* RepositoryListCell.swift */; };
		00AD993327667F2700E7B72D /* SnapKit in Frameworks */ = {isa = PBXBuildFile; productRef = 00AD993227667F2700E7B72D /* SnapKit */; };
		00AD99362766834400E7B72D /* Repository.swift in Sources */ = {isa = PBXBuildFile; fileRef = 00AD99352766834300E7B72D /* Repository.swift */; };
		821738ABD45A113BE2B14B29 /* Pods_GitHubRepository.framework in Frameworks */ = {isa = PBXBuildFile; fileRef = 3DDA2F890AF5797EF6563FC2 /* Pods_GitHubRepository.framework */; };
/* End PBXBuildFile section */

/* Begin PBXFileReference section */
		00AD990D27667C1B00E7B72D /* GitHubRepository.app */ = {isa = PBXFileReference; explicitFileType = wrapper.application; includeInIndex = 0; path = GitHubRepository.app; sourceTree = BUILT_PRODUCTS_DIR; };
		00AD991027667C1B00E7B72D /* AppDelegate.swift */ = {isa = PBXFileReference; lastKnownFileType = sourcecode.swift; path = AppDelegate.swift; sourceTree = "<group>"; };
		00AD991227667C1B00E7B72D /* SceneDelegate.swift */ = {isa = PBXFileReference; lastKnownFileType = sourcecode.swift; path = SceneDelegate.swift; sourceTree = "<group>"; };
		00AD991927667C2700E7B72D /* Assets.xcassets */ = {isa = PBXFileReference; lastKnownFileType = folder.assetcatalog; path = Assets.xcassets; sourceTree = "<group>"; };
		00AD991C27667C2700E7B72D /* Base */ = {isa = PBXFileReference; lastKnownFileType = file.storyboard; name = Base; path = Base.lproj/LaunchScreen.storyboard; sourceTree = "<group>"; };
		00AD991E27667C2700E7B72D /* Info.plist */ = {isa = PBXFileReference; lastKnownFileType = text.plist.xml; path = Info.plist; sourceTree = "<group>"; };
		00AD992B27667D6900E7B72D /* RepositoryListViewController.swift */ = {isa = PBXFileReference; lastKnownFileType = sourcecode.swift; path = RepositoryListViewController.swift; sourceTree = "<group>"; };
		00AD992E27667E1D00E7B72D /* RepositoryListCell.swift */ = {isa = PBXFileReference; lastKnownFileType = sourcecode.swift; path = RepositoryListCell.swift; sourceTree = "<group>"; };
		00AD99352766834300E7B72D /* Repository.swift */ = {isa = PBXFileReference; lastKnownFileType = sourcecode.swift; path = Repository.swift; sourceTree = "<group>"; };
		1AD093B773554CB817D34653 /* Pods-GitHubRepository.debug.xcconfig */ = {isa = PBXFileReference; includeInIndex = 1; lastKnownFileType = text.xcconfig; name = "Pods-GitHubRepository.debug.xcconfig"; path = "Target Support Files/Pods-GitHubRepository/Pods-GitHubRepository.debug.xcconfig"; sourceTree = "<group>"; };
		3DDA2F890AF5797EF6563FC2 /* Pods_GitHubRepository.framework */ = {isa = PBXFileReference; explicitFileType = wrapper.framework; includeInIndex = 0; path = Pods_GitHubRepository.framework; sourceTree = BUILT_PRODUCTS_DIR; };
		7545CFD1184C97C0C79D5A63 /* Pods-GitHubRepository.release.xcconfig */ = {isa = PBXFileReference; includeInIndex = 1; lastKnownFileType = text.xcconfig; name = "Pods-GitHubRepository.release.xcconfig"; path = "Target Support Files/Pods-GitHubRepository/Pods-GitHubRepository.release.xcconfig"; sourceTree = "<group>"; };
/* End PBXFileReference section */

/* Begin PBXFrameworksBuildPhase section */
		00AD990A27667C1A00E7B72D /* Frameworks */ = {
			isa = PBXFrameworksBuildPhase;
			buildActionMask = 2147483647;
			files = (
				821738ABD45A113BE2B14B29 /* Pods_GitHubRepository.framework in Frameworks */,
				00AD993327667F2700E7B72D /* SnapKit in Frameworks */,
			);
			runOnlyForDeploymentPostprocessing = 0;
		};
/* End PBXFrameworksBuildPhase section */

/* Begin PBXGroup section */
		00AD990427667C1A00E7B72D = {
			isa = PBXGroup;
			children = (
				00AD990F27667C1B00E7B72D /* GitHubRepository */,
				00AD990E27667C1B00E7B72D /* Products */,
				274331DE2B43577653A82853 /* Pods */,
				8164B0F8D7519A1D0A969A01 /* Frameworks */,
			);
			sourceTree = "<group>";
		};
		00AD990E27667C1B00E7B72D /* Products */ = {
			isa = PBXGroup;
			children = (
				00AD990D27667C1B00E7B72D /* GitHubRepository.app */,
			);
			name = Products;
			sourceTree = "<group>";
		};
		00AD990F27667C1B00E7B72D /* GitHubRepository */ = {
			isa = PBXGroup;
			children = (
				00AD991027667C1B00E7B72D /* AppDelegate.swift */,
				00AD991227667C1B00E7B72D /* SceneDelegate.swift */,
				00AD992E27667E1D00E7B72D /* RepositoryListCell.swift */,
				00AD992B27667D6900E7B72D /* RepositoryListViewController.swift */,
				00AD99352766834300E7B72D /* Repository.swift */,
				00AD991927667C2700E7B72D /* Assets.xcassets */,
				00AD991B27667C2700E7B72D /* LaunchScreen.storyboard */,
				00AD991E27667C2700E7B72D /* Info.plist */,
			);
			path = GitHubRepository;
			sourceTree = "<group>";
		};
		274331DE2B43577653A82853 /* Pods */ = {
			isa = PBXGroup;
			children = (
				1AD093B773554CB817D34653 /* Pods-GitHubRepository.debug.xcconfig */,
				7545CFD1184C97C0C79D5A63 /* Pods-GitHubRepository.release.xcconfig */,
			);
			path = Pods;
			sourceTree = "<group>";
		};
		8164B0F8D7519A1D0A969A01 /* Frameworks */ = {
			isa = PBXGroup;
			children = (
				3DDA2F890AF5797EF6563FC2 /* Pods_GitHubRepository.framework */,
			);
			name = Frameworks;
			sourceTree = "<group>";
		};
/* End PBXGroup section */

/* Begin PBXNativeTarget section */
		00AD990C27667C1A00E7B72D /* GitHubRepository */ = {
			isa = PBXNativeTarget;
			buildConfigurationList = 00AD992127667C2700E7B72D /* Build configuration list for PBXNativeTarget "GitHubRepository" */;
			buildPhases = (
				4942BE4CC592469EC7C44955 /* [CP] Check Pods Manifest.lock */,
				00AD990927667C1A00E7B72D /* Sources */,
				00AD990A27667C1A00E7B72D /* Frameworks */,
				00AD990B27667C1A00E7B72D /* Resources */,
				716D5AF3DE7FA7E565BBDC89 /* [CP] Embed Pods Frameworks */,
			);
			buildRules = (
			);
			dependencies = (
			);
			name = GitHubRepository;
			packageProductDependencies = (
				00AD993227667F2700E7B72D /* SnapKit */,
			);
			productName = GitHubRepository;
			productReference = 00AD990D27667C1B00E7B72D /* GitHubRepository.app */;
			productType = "com.apple.product-type.application";
		};
/* End PBXNativeTarget section */

/* Begin PBXProject section */
		00AD990527667C1A00E7B72D /* Project object */ = {
			isa = PBXProject;
			attributes = {
				LastSwiftUpdateCheck = 1240;
				LastUpgradeCheck = 1240;
				TargetAttributes = {
					00AD990C27667C1A00E7B72D = {
						CreatedOnToolsVersion = 12.4;
					};
				};
			};
			buildConfigurationList = 00AD990827667C1A00E7B72D /* Build configuration list for PBXProject "GitHubRepository" */;
			compatibilityVersion = "Xcode 9.3";
			developmentRegion = en;
			hasScannedForEncodings = 0;
			knownRegions = (
				en,
				Base,
			);
			mainGroup = 00AD990427667C1A00E7B72D;
			packageReferences = (
				00AD993127667F2700E7B72D /* XCRemoteSwiftPackageReference "SnapKit" */,
			);
			productRefGroup = 00AD990E27667C1B00E7B72D /* Products */;
			projectDirPath = "";
			projectRoot = "";
			targets = (
				00AD990C27667C1A00E7B72D /* GitHubRepository */,
			);
		};
/* End PBXProject section */

/* Begin PBXResourcesBuildPhase section */
		00AD990B27667C1A00E7B72D /* Resources */ = {
			isa = PBXResourcesBuildPhase;
			buildActionMask = 2147483647;
			files = (
				00AD991D27667C2700E7B72D /* LaunchScreen.storyboard in Resources */,
				00AD991A27667C2700E7B72D /* Assets.xcassets in Resources */,
			);
			runOnlyForDeploymentPostprocessing = 0;
		};
/* End PBXResourcesBuildPhase section */

/* Begin PBXShellScriptBuildPhase section */
		4942BE4CC592469EC7C44955 /* [CP] Check Pods Manifest.lock */ = {
			isa = PBXShellScriptBuildPhase;
			buildActionMask = 2147483647;
			files = (
			);
			inputFileListPaths = (
			);
			inputPaths = (
				"${PODS_PODFILE_DIR_PATH}/Podfile.lock",
				"${PODS_ROOT}/Manifest.lock",
			);
			name = "[CP] Check Pods Manifest.lock";
			outputFileListPaths = (
			);
			outputPaths = (
				"$(DERIVED_FILE_DIR)/Pods-GitHubRepository-checkManifestLockResult.txt",
			);
			runOnlyForDeploymentPostprocessing = 0;
			shellPath = /bin/sh;
			shellScript = "diff \"${PODS_PODFILE_DIR_PATH}/Podfile.lock\" \"${PODS_ROOT}/Manifest.lock\" > /dev/null\nif [ $? != 0 ] ; then\n    # print error to STDERR\n    echo \"error: The sandbox is not in sync with the Podfile.lock. Run 'pod install' or update your CocoaPods installation.\" >&2\n    exit 1\nfi\n# This output is used by Xcode 'outputs' to avoid re-running this script phase.\necho \"SUCCESS\" > \"${SCRIPT_OUTPUT_FILE_0}\"\n";
			showEnvVarsInLog = 0;
		};
		716D5AF3DE7FA7E565BBDC89 /* [CP] Embed Pods Frameworks */ = {
			isa = PBXShellScriptBuildPhase;
			buildActionMask = 2147483647;
			files = (
			);
			inputFileListPaths = (
				"${PODS_ROOT}/Target Support Files/Pods-GitHubRepository/Pods-GitHubRepository-frameworks-${CONFIGURATION}-input-files.xcfilelist",
			);
			name = "[CP] Embed Pods Frameworks";
			outputFileListPaths = (
				"${PODS_ROOT}/Target Support Files/Pods-GitHubRepository/Pods-GitHubRepository-frameworks-${CONFIGURATION}-output-files.xcfilelist",
			);
			runOnlyForDeploymentPostprocessing = 0;
			shellPath = /bin/sh;
			shellScript = "\"${PODS_ROOT}/Target Support Files/Pods-GitHubRepository/Pods-GitHubRepository-frameworks.sh\"\n";
			showEnvVarsInLog = 0;
		};
/* End PBXShellScriptBuildPhase section */

/* Begin PBXSourcesBuildPhase section */
		00AD990927667C1A00E7B72D /* Sources */ = {
			isa = PBXSourcesBuildPhase;
			buildActionMask = 2147483647;
			files = (
				00AD991127667C1B00E7B72D /* AppDelegate.swift in Sources */,
				00AD991327667C1B00E7B72D /* SceneDelegate.swift in Sources */,
				00AD99362766834400E7B72D /* Repository.swift in Sources */,
				00AD992C27667D6900E7B72D /* RepositoryListViewController.swift in Sources */,
				00AD992F27667E1D00E7B72D /* RepositoryListCell.swift in Sources */,
			);
			runOnlyForDeploymentPostprocessing = 0;
		};
/* End PBXSourcesBuildPhase section */

/* Begin PBXVariantGroup section */
		00AD991B27667C2700E7B72D /* LaunchScreen.storyboard */ = {
			isa = PBXVariantGroup;
			children = (
				00AD991C27667C2700E7B72D /* Base */,
			);
			name = LaunchScreen.storyboard;
			sourceTree = "<group>";
		};
/* End PBXVariantGroup section */

/* Begin XCBuildConfiguration section */
		00AD991F27667C2700E7B72D /* Debug */ = {
			isa = XCBuildConfiguration;
			buildSettings = {
				ALWAYS_SEARCH_USER_PATHS = NO;
				CLANG_ANALYZER_NONNULL = YES;
				CLANG_ANALYZER_NUMBER_OBJECT_CONVERSION = YES_AGGRESSIVE;
				CLANG_CXX_LANGUAGE_STANDARD = "gnu++14";
				CLANG_CXX_LIBRARY = "libc++";
				CLANG_ENABLE_MODULES = YES;
				CLANG_ENABLE_OBJC_ARC = YES;
				CLANG_ENABLE_OBJC_WEAK = YES;
				CLANG_WARN_BLOCK_CAPTURE_AUTORELEASING = YES;
				CLANG_WARN_BOOL_CONVERSION = YES;
				CLANG_WARN_COMMA = YES;
				CLANG_WARN_CONSTANT_CONVERSION = YES;
				CLANG_WARN_DEPRECATED_OBJC_IMPLEMENTATIONS = YES;
				CLANG_WARN_DIRECT_OBJC_ISA_USAGE = YES_ERROR;
				CLANG_WARN_DOCUMENTATION_COMMENTS = YES;
				CLANG_WARN_EMPTY_BODY = YES;
				CLANG_WARN_ENUM_CONVERSION = YES;
				CLANG_WARN_INFINITE_RECURSION = YES;
				CLANG_WARN_INT_CONVERSION = YES;
				CLANG_WARN_NON_LITERAL_NULL_CONVERSION = YES;
				CLANG_WARN_OBJC_IMPLICIT_RETAIN_SELF = YES;
				CLANG_WARN_OBJC_LITERAL_CONVERSION = YES;
				CLANG_WARN_OBJC_ROOT_CLASS = YES_ERROR;
				CLANG_WARN_QUOTED_INCLUDE_IN_FRAMEWORK_HEADER = YES;
				CLANG_WARN_RANGE_LOOP_ANALYSIS = YES;
				CLANG_WARN_STRICT_PROTOTYPES = YES;
				CLANG_WARN_SUSPICIOUS_MOVE = YES;
				CLANG_WARN_UNGUARDED_AVAILABILITY = YES_AGGRESSIVE;
				CLANG_WARN_UNREACHABLE_CODE = YES;
				CLANG_WARN__DUPLICATE_METHOD_MATCH = YES;
				COPY_PHASE_STRIP = NO;
				DEBUG_INFORMATION_FORMAT = dwarf;
				ENABLE_STRICT_OBJC_MSGSEND = YES;
				ENABLE_TESTABILITY = YES;
				GCC_C_LANGUAGE_STANDARD = gnu11;
				GCC_DYNAMIC_NO_PIC = NO;
				GCC_NO_COMMON_BLOCKS = YES;
				GCC_OPTIMIZATION_LEVEL = 0;
				GCC_PREPROCESSOR_DEFINITIONS = (
					"DEBUG=1",
					"$(inherited)",
				);
				GCC_WARN_64_TO_32_BIT_CONVERSION = YES;
				GCC_WARN_ABOUT_RETURN_TYPE = YES_ERROR;
				GCC_WARN_UNDECLARED_SELECTOR = YES;
				GCC_WARN_UNINITIALIZED_AUTOS = YES_AGGRESSIVE;
				GCC_WARN_UNUSED_FUNCTION = YES;
				GCC_WARN_UNUSED_VARIABLE = YES;
				IPHONEOS_DEPLOYMENT_TARGET = 14.4;
				MTL_ENABLE_DEBUG_INFO = INCLUDE_SOURCE;
				MTL_FAST_MATH = YES;
				ONLY_ACTIVE_ARCH = YES;
				SDKROOT = iphoneos;
				SWIFT_ACTIVE_COMPILATION_CONDITIONS = DEBUG;
				SWIFT_OPTIMIZATION_LEVEL = "-Onone";
			};
			name = Debug;
		};
		00AD992027667C2700E7B72D /* Release */ = {
			isa = XCBuildConfiguration;
			buildSettings = {
				ALWAYS_SEARCH_USER_PATHS = NO;
				CLANG_ANALYZER_NONNULL = YES;
				CLANG_ANALYZER_NUMBER_OBJECT_CONVERSION = YES_AGGRESSIVE;
				CLANG_CXX_LANGUAGE_STANDARD = "gnu++14";
				CLANG_CXX_LIBRARY = "libc++";
				CLANG_ENABLE_MODULES = YES;
				CLANG_ENABLE_OBJC_ARC = YES;
				CLANG_ENABLE_OBJC_WEAK = YES;
				CLANG_WARN_BLOCK_CAPTURE_AUTORELEASING = YES;
				CLANG_WARN_BOOL_CONVERSION = YES;
				CLANG_WARN_COMMA = YES;
				CLANG_WARN_CONSTANT_CONVERSION = YES;
				CLANG_WARN_DEPRECATED_OBJC_IMPLEMENTATIONS = YES;
				CLANG_WARN_DIRECT_OBJC_ISA_USAGE = YES_ERROR;
				CLANG_WARN_DOCUMENTATION_COMMENTS = YES;
				CLANG_WARN_EMPTY_BODY = YES;
				CLANG_WARN_ENUM_CONVERSION = YES;
				CLANG_WARN_INFINITE_RECURSION = YES;
				CLANG_WARN_INT_CONVERSION = YES;
				CLANG_WARN_NON_LITERAL_NULL_CONVERSION = YES;
				CLANG_WARN_OBJC_IMPLICIT_RETAIN_SELF = YES;
				CLANG_WARN_OBJC_LITERAL_CONVERSION = YES;
				CLANG_WARN_OBJC_ROOT_CLASS = YES_ERROR;
				CLANG_WARN_QUOTED_INCLUDE_IN_FRAMEWORK_HEADER = YES;
				CLANG_WARN_RANGE_LOOP_ANALYSIS = YES;
				CLANG_WARN_STRICT_PROTOTYPES = YES;
				CLANG_WARN_SUSPICIOUS_MOVE = YES;
				CLANG_WARN_UNGUARDED_AVAILABILITY = YES_AGGRESSIVE;
				CLANG_WARN_UNREACHABLE_CODE = YES;
				CLANG_WARN__DUPLICATE_METHOD_MATCH = YES;
				COPY_PHASE_STRIP = NO;
				DEBUG_INFORMATION_FORMAT = "dwarf-with-dsym";
				ENABLE_NS_ASSERTIONS = NO;
				ENABLE_STRICT_OBJC_MSGSEND = YES;
				GCC_C_LANGUAGE_STANDARD = gnu11;
				GCC_NO_COMMON_BLOCKS = YES;
				GCC_WARN_64_TO_32_BIT_CONVERSION = YES;
				GCC_WARN_ABOUT_RETURN_TYPE = YES_ERROR;
				GCC_WARN_UNDECLARED_SELECTOR = YES;
				GCC_WARN_UNINITIALIZED_AUTOS = YES_AGGRESSIVE;
				GCC_WARN_UNUSED_FUNCTION = YES;
				GCC_WARN_UNUSED_VARIABLE = YES;
				IPHONEOS_DEPLOYMENT_TARGET = 14.4;
				MTL_ENABLE_DEBUG_INFO = NO;
				MTL_FAST_MATH = YES;
				SDKROOT = iphoneos;
				SWIFT_COMPILATION_MODE = wholemodule;
				SWIFT_OPTIMIZATION_LEVEL = "-O";
				VALIDATE_PRODUCT = YES;
			};
			name = Release;
		};
		00AD992227667C2700E7B72D /* Debug */ = {
			isa = XCBuildConfiguration;
			baseConfigurationReference = 1AD093B773554CB817D34653 /* Pods-GitHubRepository.debug.xcconfig */;
			buildSettings = {
				ASSETCATALOG_COMPILER_APPICON_NAME = AppIcon;
				ASSETCATALOG_COMPILER_GLOBAL_ACCENT_COLOR_NAME = AccentColor;
				CODE_SIGN_STYLE = Automatic;
				DEVELOPMENT_TEAM = U4T3R7AY6X;
				INFOPLIST_FILE = GitHubRepository/Info.plist;
				LD_RUNPATH_SEARCH_PATHS = (
					"$(inherited)",
					"@executable_path/Frameworks",
				);
				PRODUCT_BUNDLE_IDENTIFIER = com.lyc.GitHubRepository;
				PRODUCT_NAME = "$(TARGET_NAME)";
				SWIFT_VERSION = 5.0;
				TARGETED_DEVICE_FAMILY = "1,2";
			};
			name = Debug;
		};
		00AD992327667C2700E7B72D /* Release */ = {
			isa = XCBuildConfiguration;
			baseConfigurationReference = 7545CFD1184C97C0C79D5A63 /* Pods-GitHubRepository.release.xcconfig */;
			buildSettings = {
				ASSETCATALOG_COMPILER_APPICON_NAME = AppIcon;
				ASSETCATALOG_COMPILER_GLOBAL_ACCENT_COLOR_NAME = AccentColor;
				CODE_SIGN_STYLE = Automatic;
				DEVELOPMENT_TEAM = U4T3R7AY6X;
				INFOPLIST_FILE = GitHubRepository/Info.plist;
				LD_RUNPATH_SEARCH_PATHS = (
					"$(inherited)",
					"@executable_path/Frameworks",
				);
				PRODUCT_BUNDLE_IDENTIFIER = com.lyc.GitHubRepository;
				PRODUCT_NAME = "$(TARGET_NAME)";
				SWIFT_VERSION = 5.0;
				TARGETED_DEVICE_FAMILY = "1,2";
			};
			name = Release;
		};
/* End XCBuildConfiguration section */

/* Begin XCConfigurationList section */
		00AD990827667C1A00E7B72D /* Build configuration list for PBXProject "GitHubRepository" */ = {
			isa = XCConfigurationList;
			buildConfigurations = (
				00AD991F27667C2700E7B72D /* Debug */,
				00AD992027667C2700E7B72D /* Release */,
			);
			defaultConfigurationIsVisible = 0;
			defaultConfigurationName = Release;
		};
		00AD992127667C2700E7B72D /* Build configuration list for PBXNativeTarget "GitHubRepository" */ = {
			isa = XCConfigurationList;
			buildConfigurations = (
				00AD992227667C2700E7B72D /* Debug */,
				00AD992327667C2700E7B72D /* Release */,
			);
			defaultConfigurationIsVisible = 0;
			defaultConfigurationName = Release;
		};
/* End XCConfigurationList section */

/* Begin XCRemoteSwiftPackageReference section */
		00AD993127667F2700E7B72D /* XCRemoteSwiftPackageReference "SnapKit" */ = {
			isa = XCRemoteSwiftPackageReference;
			repositoryURL = "https://github.com/SnapKit/SnapKit.git";
			requirement = {
				kind = upToNextMajorVersion;
				minimumVersion = 5.0.1;
			};
		};
/* End XCRemoteSwiftPackageReference section */

/* Begin XCSwiftPackageProductDependency section */
		00AD993227667F2700E7B72D /* SnapKit */ = {
			isa = XCSwiftPackageProductDependency;
			package = 00AD993127667F2700E7B72D /* XCRemoteSwiftPackageReference "SnapKit" */;
			productName = SnapKit;
		};
/* End XCSwiftPackageProductDependency section */
	};
	rootObject = 00AD990527667C1A00E7B72D /* Project object */;
}
